
Microsoft Visual Studio Solution File, Format Version 12.00
# Visual Studio Version 17
VisualStudioVersion = 17.4.33403.182
MinimumVisualStudioVersion = 10.0.40219.1
Project("{8BC9CEB8-8B4A-11D0-8D11-00A0C91BC942}") = "large intger project", "large intger project\large intger project.vcxproj", "{1E368617-E320-4C25-8550-DABFBF6F4922}"
EndProject
Global
	GlobalSection(SolutionConfigurationPlatforms) = preSolution
		Debug|x64 = Debug|x64
		Debug|x86 = Debug|x86
		Release|x64 = Release|x64
		Release|x86 = Release|x86
	EndGlobalSection
	GlobalSection(ProjectConfigurationPlatforms) = postSolution
		{1E368617-E320-4C25-8550-DABFBF6F4922}.Debug|x64.ActiveCfg = Debug|x64
		{1E368617-E320-4C25-8550-DABFBF6F4922}.Debug|x64.Build.0 = Debug|x64
		{1E368617-E320-4C25-8550-DABFBF6F4922}.Debug|x86.ActiveCfg = Debug|Win32
		{1E368617-E320-4C25-8550-DABFBF6F4922}.Debug|x86.Build.0 = Debug|Win32
		{1E368617-E320-4C25-8550-DABFBF6F4922}.Release|x64.ActiveCfg = Release|x64
		{1E368617-E320-4C25-8550-DABFBF6F4922}.Release|x64.Build.0 = Release|x64
		{1E368617-E320-4C25-8550-DABFBF6F4922}.Release|x86.ActiveCfg = Release|Win32
		{1E368617-E320-4C25-8550-DABFBF6F4922}.Release|x86.Build.0 = Release|Win32
	EndGlobalSection
	GlobalSection(SolutionProperties) = preSolution
		HideSolutionNode = FALSE
	EndGlobalSection
	GlobalSection(ExtensibilityGlobals) = postSolution
		SolutionGuid = {2795A532-05D4-4732-8B46-0C8E1D7E1C44}
	EndGlobalSection
EndGlobal
